{
  "name": "@rogerchappel/typoscope",
  "version": "0.1.0",
  "lockfileVersion": 3,
  "requires": true,
  "packages": {
    "": {
      "name": "@rogerchappel/typoscope",
      "version": "0.1.0",
      "license": "MIT",
      "bin": {
        "typoscope": "src/index.js"
      },
      "engines": {
        "node": ">=20"
      }
    }
  }
}
